
Microsoft Visual Studio Solution File, Format Version 12.00
# Visual Studio 15
VisualStudioVersion = 15.0.27428.2011
MinimumVisualStudioVersion = 10.0.40219.1
Project("{FAE04EC0-301F-11D3-BF4B-00C04F79EFBC}") = "Wazera", "Wazera\Wazera.csproj", "{55132405-9A68-4EFD-B061-B487647BE840}"
EndProject
Global
	GlobalSection(SolutionConfigurationPlatforms) = preSolution
		Debug|Any CPU = Debug|Any CPU
		Release|Any CPU = Release|Any CPU
	EndGlobalSection
	GlobalSection(ProjectConfigurationPlatforms) = postSolution
		{55132405-9A68-4EFD-B061-B487647BE840}.Debug|Any CPU.ActiveCfg = Debug|Any CPU
		{55132405-9A68-4EFD-B061-B487647BE840}.Debug|Any CPU.Build.0 = Debug|Any CPU
		{55132405-9A68-4EFD-B061-B487647BE840}.Release|Any CPU.ActiveCfg = Release|Any CPU
		{55132405-9A68-4EFD-B061-B487647BE840}.Release|Any CPU.Build.0 = Release|Any CPU
	EndGlobalSection
	GlobalSection(SolutionProperties) = preSolution
		HideSolutionNode = FALSE
	EndGlobalSection
	GlobalSection(ExtensibilityGlobals) = postSolution
		SolutionGuid = {A2037ACB-8B1E-4F08-86D0-FFDF2170F3E8}
	EndGlobalSection
EndGlobal
